
Microsoft Visual Studio Solution File, Format Version 12.00
# Visual Studio Version 17
VisualStudioVersion = 17.7.34202.233
MinimumVisualStudioVersion = 10.0.40219.1
Project("{9A19103F-16F7-4668-BE54-9A1E7A4F7556}") = "Model", "..\Model\Model.csproj", "{929EA245-AD35-41C9-BD9A-E488A5C1AADB}"
EndProject
Project("{9A19103F-16F7-4668-BE54-9A1E7A4F7556}") = "DAL", "..\DAL\DAL.csproj", "{F74862BA-BFC2-4353-90D9-2B9366E7EF0F}"
EndProject
Project("{9A19103F-16F7-4668-BE54-9A1E7A4F7556}") = "BLL", "..\BLL\BLL.csproj", "{1A0FEA22-A192-4458-9EAE-C124996AC422}"
EndProject
Project("{FAE04EC0-301F-11D3-BF4B-00C04F79EFBC}") = "WebApi2", "..\WebApi2\WebApi2.csproj", "{591EB0F6-286E-434B-93C8-DA52CCAB0E11}"
EndProject
Project("{FAE04EC0-301F-11D3-BF4B-00C04F79EFBC}") = "BLL_EF", "..\BLL_EF\BLL_EF.csproj", "{7A0B3D61-21A6-47ED-B8AE-FA329CABAF79}"
EndProject
Global
	GlobalSection(SolutionConfigurationPlatforms) = preSolution
		Debug|Any CPU = Debug|Any CPU
		Release|Any CPU = Release|Any CPU
	EndGlobalSection
	GlobalSection(ProjectConfigurationPlatforms) = postSolution
		{929EA245-AD35-41C9-BD9A-E488A5C1AADB}.Debug|Any CPU.ActiveCfg = Debug|Any CPU
		{929EA245-AD35-41C9-BD9A-E488A5C1AADB}.Debug|Any CPU.Build.0 = Debug|Any CPU
		{929EA245-AD35-41C9-BD9A-E488A5C1AADB}.Release|Any CPU.ActiveCfg = Release|Any CPU
		{929EA245-AD35-41C9-BD9A-E488A5C1AADB}.Release|Any CPU.Build.0 = Release|Any CPU
		{F74862BA-BFC2-4353-90D9-2B9366E7EF0F}.Debug|Any CPU.ActiveCfg = Debug|Any CPU
		{F74862BA-BFC2-4353-90D9-2B9366E7EF0F}.Debug|Any CPU.Build.0 = Debug|Any CPU
		{F74862BA-BFC2-4353-90D9-2B9366E7EF0F}.Release|Any CPU.ActiveCfg = Release|Any CPU
		{F74862BA-BFC2-4353-90D9-2B9366E7EF0F}.Release|Any CPU.Build.0 = Release|Any CPU
		{1A0FEA22-A192-4458-9EAE-C124996AC422}.Debug|Any CPU.ActiveCfg = Debug|Any CPU
		{1A0FEA22-A192-4458-9EAE-C124996AC422}.Debug|Any CPU.Build.0 = Debug|Any CPU
		{1A0FEA22-A192-4458-9EAE-C124996AC422}.Release|Any CPU.ActiveCfg = Release|Any CPU
		{1A0FEA22-A192-4458-9EAE-C124996AC422}.Release|Any CPU.Build.0 = Release|Any CPU
		{591EB0F6-286E-434B-93C8-DA52CCAB0E11}.Debug|Any CPU.ActiveCfg = Debug|Any CPU
		{591EB0F6-286E-434B-93C8-DA52CCAB0E11}.Debug|Any CPU.Build.0 = Debug|Any CPU
		{591EB0F6-286E-434B-93C8-DA52CCAB0E11}.Release|Any CPU.ActiveCfg = Release|Any CPU
		{591EB0F6-286E-434B-93C8-DA52CCAB0E11}.Release|Any CPU.Build.0 = Release|Any CPU
		{7A0B3D61-21A6-47ED-B8AE-FA329CABAF79}.Debug|Any CPU.ActiveCfg = Debug|Any CPU
		{7A0B3D61-21A6-47ED-B8AE-FA329CABAF79}.Debug|Any CPU.Build.0 = Debug|Any CPU
		{7A0B3D61-21A6-47ED-B8AE-FA329CABAF79}.Release|Any CPU.ActiveCfg = Release|Any CPU
		{7A0B3D61-21A6-47ED-B8AE-FA329CABAF79}.Release|Any CPU.Build.0 = Release|Any CPU
	EndGlobalSection
	GlobalSection(SolutionProperties) = preSolution
		HideSolutionNode = FALSE
	EndGlobalSection
	GlobalSection(ExtensibilityGlobals) = postSolution
		SolutionGuid = {DF3D7F7D-B3D1-438D-BBE5-E404D356DB7F}
	EndGlobalSection
EndGlobal
